
Microsoft Visual Studio Solution File, Format Version 12.00
# Visual Studio Version 16
VisualStudioVersion = 16.0.28922.388
MinimumVisualStudioVersion = 10.0.40219.1
Project("{FAE04EC0-301F-11D3-BF4B-00C04F79EFBC}") = "TextEditor", "TextEditor.csproj", "{36C85F1B-83AC-4ED9-99DD-64E3F9F486B5}"
EndProject
Global
	GlobalSection(SolutionConfigurationPlatforms) = preSolution
		Debug|Any CPU = Debug|Any CPU
		Release|Any CPU = Release|Any CPU
	EndGlobalSection
	GlobalSection(ProjectConfigurationPlatforms) = postSolution
		{36C85F1B-83AC-4ED9-99DD-64E3F9F486B5}.Debug|Any CPU.ActiveCfg = Debug|Any CPU
		{36C85F1B-83AC-4ED9-99DD-64E3F9F486B5}.Debug|Any CPU.Build.0 = Debug|Any CPU
		{36C85F1B-83AC-4ED9-99DD-64E3F9F486B5}.Release|Any CPU.ActiveCfg = Release|Any CPU
		{36C85F1B-83AC-4ED9-99DD-64E3F9F486B5}.Release|Any CPU.Build.0 = Release|Any CPU
	EndGlobalSection
	GlobalSection(SolutionProperties) = preSolution
		HideSolutionNode = FALSE
	EndGlobalSection
	GlobalSection(ExtensibilityGlobals) = postSolution
		SolutionGuid = {30C6C190-83EE-4A54-90C7-44204A373E25}
	EndGlobalSection
EndGlobal
